
Microsoft Visual Studio Solution File, Format Version 12.00
# Visual Studio Version 17
VisualStudioVersion = 17.1.32328.378
MinimumVisualStudioVersion = 10.0.40219.1
Project("{FAE04EC0-301F-11D3-BF4B-00C04F79EFBC}") = "CashRegister.Android", "CashRegister\CashRegister.Android\CashRegister.Android.csproj", "{9E759617-9EAF-4ECC-B7E7-5D57816EC29A}"
EndProject
Project("{FAE04EC0-301F-11D3-BF4B-00C04F79EFBC}") = "CashRegister.iOS", "CashRegister\CashRegister.iOS\CashRegister.iOS.csproj", "{3894BABF-1A55-4C15-933E-61DA0D63BBB6}"
EndProject
Project("{FAE04EC0-301F-11D3-BF4B-00C04F79EFBC}") = "CashRegister", "CashRegister\CashRegister\CashRegister.csproj", "{68005B0A-8166-4479-AA26-7795DCD1162D}"
EndProject
Global
	GlobalSection(SolutionConfigurationPlatforms) = preSolution
		Debug|Any CPU = Debug|Any CPU
		Debug|iPhone = Debug|iPhone
		Debug|iPhoneSimulator = Debug|iPhoneSimulator
		Release|Any CPU = Release|Any CPU
		Release|iPhone = Release|iPhone
		Release|iPhoneSimulator = Release|iPhoneSimulator
	EndGlobalSection
	GlobalSection(ProjectConfigurationPlatforms) = postSolution
		{9E759617-9EAF-4ECC-B7E7-5D57816EC29A}.Debug|Any CPU.ActiveCfg = Debug|Any CPU
		{9E759617-9EAF-4ECC-B7E7-5D57816EC29A}.Debug|Any CPU.Build.0 = Debug|Any CPU
		{9E759617-9EAF-4ECC-B7E7-5D57816EC29A}.Debug|Any CPU.Deploy.0 = Debug|Any CPU
		{9E759617-9EAF-4ECC-B7E7-5D57816EC29A}.Debug|iPhone.ActiveCfg = Debug|Any CPU
		{9E759617-9EAF-4ECC-B7E7-5D57816EC29A}.Debug|iPhone.Build.0 = Debug|Any CPU
		{9E759617-9EAF-4ECC-B7E7-5D57816EC29A}.Debug|iPhone.Deploy.0 = Debug|Any CPU
		{9E759617-9EAF-4ECC-B7E7-5D57816EC29A}.Debug|iPhoneSimulator.ActiveCfg = Debug|Any CPU
		{9E759617-9EAF-4ECC-B7E7-5D57816EC29A}.Debug|iPhoneSimulator.Build.0 = Debug|Any CPU
		{9E759617-9EAF-4ECC-B7E7-5D57816EC29A}.Debug|iPhoneSimulator.Deploy.0 = Debug|Any CPU
		{9E759617-9EAF-4ECC-B7E7-5D57816EC29A}.Release|Any CPU.ActiveCfg = Release|Any CPU
		{9E759617-9EAF-4ECC-B7E7-5D57816EC29A}.Release|Any CPU.Build.0 = Release|Any CPU
		{9E759617-9EAF-4ECC-B7E7-5D57816EC29A}.Release|Any CPU.Deploy.0 = Release|Any CPU
		{9E759617-9EAF-4ECC-B7E7-5D57816EC29A}.Release|iPhone.ActiveCfg = Release|Any CPU
		{9E759617-9EAF-4ECC-B7E7-5D57816EC29A}.Release|iPhone.Build.0 = Release|Any CPU
		{9E759617-9EAF-4ECC-B7E7-5D57816EC29A}.Release|iPhone.Deploy.0 = Release|Any CPU
		{9E759617-9EAF-4ECC-B7E7-5D57816EC29A}.Release|iPhoneSimulator.ActiveCfg = Release|Any CPU
		{9E759617-9EAF-4ECC-B7E7-5D57816EC29A}.Release|iPhoneSimulator.Build.0 = Release|Any CPU
		{9E759617-9EAF-4ECC-B7E7-5D57816EC29A}.Release|iPhoneSimulator.Deploy.0 = Release|Any CPU
		{3894BABF-1A55-4C15-933E-61DA0D63BBB6}.Debug|Any CPU.ActiveCfg = Debug|iPhone
		{3894BABF-1A55-4C15-933E-61DA0D63BBB6}.Debug|Any CPU.Build.0 = Debug|iPhone
		{3894BABF-1A55-4C15-933E-61DA0D63BBB6}.Debug|Any CPU.Deploy.0 = Debug|iPhone
		{3894BABF-1A55-4C15-933E-61DA0D63BBB6}.Debug|iPhone.ActiveCfg = Debug|iPhone
		{3894BABF-1A55-4C15-933E-61DA0D63BBB6}.Debug|iPhone.Build.0 = Debug|iPhone
		{3894BABF-1A55-4C15-933E-61DA0D63BBB6}.Debug|iPhone.Deploy.0 = Debug|iPhone
		{3894BABF-1A55-4C15-933E-61DA0D63BBB6}.Debug|iPhoneSimulator.ActiveCfg = Debug|iPhoneSimulator
		{3894BABF-1A55-4C15-933E-61DA0D63BBB6}.Debug|iPhoneSimulator.Build.0 = Debug|iPhoneSimulator
		{3894BABF-1A55-4C15-933E-61DA0D63BBB6}.Debug|iPhoneSimulator.Deploy.0 = Debug|iPhoneSimulator
		{3894BABF-1A55-4C15-933E-61DA0D63BBB6}.Release|Any CPU.ActiveCfg = Release|iPhoneSimulator
		{3894BABF-1A55-4C15-933E-61DA0D63BBB6}.Release|Any CPU.Build.0 = Release|iPhoneSimulator
		{3894BABF-1A55-4C15-933E-61DA0D63BBB6}.Release|Any CPU.Deploy.0 = Release|iPhoneSimulator
		{3894BABF-1A55-4C15-933E-61DA0D63BBB6}.Release|iPhone.ActiveCfg = Release|iPhone
		{3894BABF-1A55-4C15-933E-61DA0D63BBB6}.Release|iPhone.Build.0 = Release|iPhone
		{3894BABF-1A55-4C15-933E-61DA0D63BBB6}.Release|iPhone.Deploy.0 = Release|iPhone
		{3894BABF-1A55-4C15-933E-61DA0D63BBB6}.Release|iPhoneSimulator.ActiveCfg = Release|iPhoneSimulator
		{3894BABF-1A55-4C15-933E-61DA0D63BBB6}.Release|iPhoneSimulator.Build.0 = Release|iPhoneSimulator
		{3894BABF-1A55-4C15-933E-61DA0D63BBB6}.Release|iPhoneSimulator.Deploy.0 = Release|iPhoneSimulator
		{68005B0A-8166-4479-AA26-7795DCD1162D}.Debug|Any CPU.ActiveCfg = Debug|Any CPU
		{68005B0A-8166-4479-AA26-7795DCD1162D}.Debug|Any CPU.Build.0 = Debug|Any CPU
		{68005B0A-8166-4479-AA26-7795DCD1162D}.Debug|Any CPU.Deploy.0 = Debug|Any CPU
		{68005B0A-8166-4479-AA26-7795DCD1162D}.Debug|iPhone.ActiveCfg = Debug|Any CPU
		{68005B0A-8166-4479-AA26-7795DCD1162D}.Debug|iPhone.Build.0 = Debug|Any CPU
		{68005B0A-8166-4479-AA26-7795DCD1162D}.Debug|iPhone.Deploy.0 = Debug|Any CPU
		{68005B0A-8166-4479-AA26-7795DCD1162D}.Debug|iPhoneSimulator.ActiveCfg = Debug|Any CPU
		{68005B0A-8166-4479-AA26-7795DCD1162D}.Debug|iPhoneSimulator.Build.0 = Debug|Any CPU
		{68005B0A-8166-4479-AA26-7795DCD1162D}.Debug|iPhoneSimulator.Deploy.0 = Debug|Any CPU
		{68005B0A-8166-4479-AA26-7795DCD1162D}.Release|Any CPU.ActiveCfg = Release|Any CPU
		{68005B0A-8166-4479-AA26-7795DCD1162D}.Release|Any CPU.Build.0 = Release|Any CPU
		{68005B0A-8166-4479-AA26-7795DCD1162D}.Release|Any CPU.Deploy.0 = Release|Any CPU
		{68005B0A-8166-4479-AA26-7795DCD1162D}.Release|iPhone.ActiveCfg = Release|Any CPU
		{68005B0A-8166-4479-AA26-7795DCD1162D}.Release|iPhone.Build.0 = Release|Any CPU
		{68005B0A-8166-4479-AA26-7795DCD1162D}.Release|iPhone.Deploy.0 = Release|Any CPU
		{68005B0A-8166-4479-AA26-7795DCD1162D}.Release|iPhoneSimulator.ActiveCfg = Release|Any CPU
		{68005B0A-8166-4479-AA26-7795DCD1162D}.Release|iPhoneSimulator.Build.0 = Release|Any CPU
		{68005B0A-8166-4479-AA26-7795DCD1162D}.Release|iPhoneSimulator.Deploy.0 = Release|Any CPU
	EndGlobalSection
	GlobalSection(SolutionProperties) = preSolution
		HideSolutionNode = FALSE
	EndGlobalSection
	GlobalSection(ExtensibilityGlobals) = postSolution
		SolutionGuid = {DB3CC4D8-86BB-486B-AD7C-B5B5879D3DD3}
	EndGlobalSection
EndGlobal
